
Microsoft Visual Studio Solution File, Format Version 12.00
# Visual Studio Version 17
VisualStudioVersion = 17.1.32210.238
MinimumVisualStudioVersion = 10.0.40219.1
Project("{9A19103F-16F7-4668-BE54-9A1E7A4F7556}") = "DataStructures", "DataStructures\DataStructures.csproj", "{EC6CE1A9-B530-4C5C-B6B2-242D5A3DE350}"
EndProject
Project("{9A19103F-16F7-4668-BE54-9A1E7A4F7556}") = "DataStructures.XUnit.UnitTests", "DataStructures.XUnit.UnitTests\DataStructures.XUnit.UnitTests.csproj", "{65ECA236-87F6-4189-80F5-5FF092C3E887}"
EndProject
Project("{2150E333-8FDC-42A3-9474-1A3956D46DE8}") = "SystemDesign", "SystemDesign", "{0F9DA0FE-AA2C-42C7-8BF9-7199A3F564C1}"
EndProject
Project("{2150E333-8FDC-42A3-9474-1A3956D46DE8}") = "LLD", "LLD", "{977699B8-EE33-4DDB-ADE1-66529123768E}"
EndProject
Project("{2150E333-8FDC-42A3-9474-1A3956D46DE8}") = "Images", "Images", "{7A7E439D-7701-4F11-AAC2-DE7FF6B9C1A8}"
	ProjectSection(SolutionItems) = preProject
		SystemDesign\LLD\GOF\Images\DuckSimulationInitial.png = SystemDesign\LLD\GOF\Images\DuckSimulationInitial.png
		SystemDesign\LLD\GOF\Images\DuckSimulationSol2.png = SystemDesign\LLD\GOF\Images\DuckSimulationSol2.png
		SystemDesign\LLD\GOF\Images\DuckSimulationStrategy.png = SystemDesign\LLD\GOF\Images\DuckSimulationStrategy.png
	EndProjectSection
EndProject
Project("{2150E333-8FDC-42A3-9474-1A3956D46DE8}") = "PracticeLLD", "PracticeLLD", "{767C7E71-AA3F-4C2F-B5A9-17F12356035E}"
EndProject
Project("{2150E333-8FDC-42A3-9474-1A3956D46DE8}") = "GOF", "GOF", "{B93F88FC-E613-4E9A-83A6-C1D97C540468}"
	ProjectSection(SolutionItems) = preProject
		SystemDesign\LLD\GOF\DesignPatterns.md = SystemDesign\LLD\GOF\DesignPatterns.md
	EndProjectSection
EndProject
Project("{9A19103F-16F7-4668-BE54-9A1E7A4F7556}") = "DesignPatterns", "SystemDesign\LLD\GOF\DesignPatterns\DesignPatterns.csproj", "{EED8094D-DB83-4932-B684-4119DC9F167E}"
EndProject
Project("{9A19103F-16F7-4668-BE54-9A1E7A4F7556}") = "ClientBuilder", "SystemDesign\LLD\GOF\ClientBuilder\ClientBuilder.csproj", "{38DECF36-F44F-4CD3-A277-75A1E6053DF3}"
EndProject
Global
	GlobalSection(SolutionConfigurationPlatforms) = preSolution
		Debug|Any CPU = Debug|Any CPU
		Release|Any CPU = Release|Any CPU
	EndGlobalSection
	GlobalSection(ProjectConfigurationPlatforms) = postSolution
		{EC6CE1A9-B530-4C5C-B6B2-242D5A3DE350}.Debug|Any CPU.ActiveCfg = Debug|Any CPU
		{EC6CE1A9-B530-4C5C-B6B2-242D5A3DE350}.Debug|Any CPU.Build.0 = Debug|Any CPU
		{EC6CE1A9-B530-4C5C-B6B2-242D5A3DE350}.Release|Any CPU.ActiveCfg = Release|Any CPU
		{EC6CE1A9-B530-4C5C-B6B2-242D5A3DE350}.Release|Any CPU.Build.0 = Release|Any CPU
		{65ECA236-87F6-4189-80F5-5FF092C3E887}.Debug|Any CPU.ActiveCfg = Debug|Any CPU
		{65ECA236-87F6-4189-80F5-5FF092C3E887}.Debug|Any CPU.Build.0 = Debug|Any CPU
		{65ECA236-87F6-4189-80F5-5FF092C3E887}.Release|Any CPU.ActiveCfg = Release|Any CPU
		{65ECA236-87F6-4189-80F5-5FF092C3E887}.Release|Any CPU.Build.0 = Release|Any CPU
		{EED8094D-DB83-4932-B684-4119DC9F167E}.Debug|Any CPU.ActiveCfg = Debug|Any CPU
		{EED8094D-DB83-4932-B684-4119DC9F167E}.Debug|Any CPU.Build.0 = Debug|Any CPU
		{EED8094D-DB83-4932-B684-4119DC9F167E}.Release|Any CPU.ActiveCfg = Release|Any CPU
		{EED8094D-DB83-4932-B684-4119DC9F167E}.Release|Any CPU.Build.0 = Release|Any CPU
		{38DECF36-F44F-4CD3-A277-75A1E6053DF3}.Debug|Any CPU.ActiveCfg = Debug|Any CPU
		{38DECF36-F44F-4CD3-A277-75A1E6053DF3}.Debug|Any CPU.Build.0 = Debug|Any CPU
		{38DECF36-F44F-4CD3-A277-75A1E6053DF3}.Release|Any CPU.ActiveCfg = Release|Any CPU
		{38DECF36-F44F-4CD3-A277-75A1E6053DF3}.Release|Any CPU.Build.0 = Release|Any CPU
	EndGlobalSection
	GlobalSection(SolutionProperties) = preSolution
		HideSolutionNode = FALSE
	EndGlobalSection
	GlobalSection(NestedProjects) = preSolution
		{977699B8-EE33-4DDB-ADE1-66529123768E} = {0F9DA0FE-AA2C-42C7-8BF9-7199A3F564C1}
		{7A7E439D-7701-4F11-AAC2-DE7FF6B9C1A8} = {B93F88FC-E613-4E9A-83A6-C1D97C540468}
		{767C7E71-AA3F-4C2F-B5A9-17F12356035E} = {977699B8-EE33-4DDB-ADE1-66529123768E}
		{B93F88FC-E613-4E9A-83A6-C1D97C540468} = {977699B8-EE33-4DDB-ADE1-66529123768E}
		{EED8094D-DB83-4932-B684-4119DC9F167E} = {B93F88FC-E613-4E9A-83A6-C1D97C540468}
		{38DECF36-F44F-4CD3-A277-75A1E6053DF3} = {B93F88FC-E613-4E9A-83A6-C1D97C540468}
	EndGlobalSection
	GlobalSection(ExtensibilityGlobals) = postSolution
		SolutionGuid = {2427C0FE-6A9D-4E74-B647-C44012FA506A}
	EndGlobalSection
EndGlobal
